Microsoft Visual Studio Solution File, Format Version 11.00
# Visual Studio 2008

Project("{E5288174-C81C-500D-28BB-8E6B5CD40FD2}") = "Jack the Giant", "Assembly-CSharp.csproj", "{D8D8D29A-1914-DF2B-E2B3-187A174E4F14}"
EndProject
Global
	GlobalSection(SolutionConfigurationPlatforms) = preSolution
		Debug|Any CPU = Debug|Any CPU
		Release|Any CPU = Release|Any CPU
	EndGlobalSection
	GlobalSection(ProjectConfigurationPlatforms) = postSolution
		{D8D8D29A-1914-DF2B-E2B3-187A174E4F14}.Debug|Any CPU.ActiveCfg = Debug|Any CPU
		{D8D8D29A-1914-DF2B-E2B3-187A174E4F14}.Debug|Any CPU.Build.0 = Debug|Any CPU
		{D8D8D29A-1914-DF2B-E2B3-187A174E4F14}.Release|Any CPU.ActiveCfg = Release|Any CPU
		{D8D8D29A-1914-DF2B-E2B3-187A174E4F14}.Release|Any CPU.Build.0 = Release|Any CPU
	EndGlobalSection
	GlobalSection(SolutionProperties) = preSolution
		HideSolutionNode = FALSE
	EndGlobalSection
	GlobalSection(MonoDevelopProperties) = preSolution
		StartupItem = Assembly-CSharp.csproj
	EndGlobalSection
EndGlobal
